<?xml version="1.0" encoding="utf-8"?>
<Project ToolsVersion="4.0" xmlns="http://schemas.microsoft.com/developer/msbuild/2003">
  <ItemGroup>
    <Filter Include="Resource Files">
      <UniqueIdentifier>{67DA6AB6-F800-4c08-8B7A-83BB121AAD01}</UniqueIdentifier>
      <Extensions>rc;ico;cur;bmp;dlg;rc2;rct;bin;rgs;gif;jpg;jpeg;jpe;resx;tiff;tif;png;wav;mfcribbon-ms</Extensions>
    </Filter>
    <Filter Include="Webcam">
      <UniqueIdentifier>{bfe47967-ffe6-472a-88bc-f5c425b49133}</UniqueIdentifier>
    </Filter>
    <Filter Include="Main Files">
      <UniqueIdentifier>{4FC737F1-C7A5-4376-A066-2A32D752A2FF}</UniqueIdentifier>
      <Extensions>cpp;c;cc;cxx;c++;cppm;ixx;def;odl;idl;hpj;bat;asm;asmx</Extensions>
    </Filter>
    <Filter Include="UIAutomation">
      <UniqueIdentifier>{14224666-6a1c-4e01-ba4f-6c600a8b1e49}</UniqueIdentifier>
    </Filter>
  </ItemGroup>
  <ItemGroup>
    <ClInclude Include="webcam\qedit.h">
      <Filter>Webcam</Filter>
    </ClInclude>
    <ClInclude Include="webcam\WebcamGrabber.h">
      <Filter>Webcam</Filter>
    </ClInclude>
    <ClInclude Include="pch.h">
      <Filter>Main Files</Filter>
    </ClInclude>
    <ClInclude Include="Resource.h">
      <Filter>Main Files</Filter>
    </ClInclude>
    <ClInclude Include="uiautomation\NCaretMessage.h">
      <Filter>UIAutomation</Filter>
    </ClInclude>
    <ClInclude Include="uiautomation\NCaretTracker.h">
      <Filter>UIAutomation</Filter>
    </ClInclude>
    <ClInclude Include="uiautomation\NComplexElem.h">
      <Filter>UIAutomation</Filter>
    </ClInclude>
    <ClInclude Include="uiautomation\NElem.h">
      <Filter>UIAutomation</Filter>
    </ClInclude>
    <ClInclude Include="uiautomation\NEventProvider.h">
      <Filter>UIAutomation</Filter>
    </ClInclude>
    <ClInclude Include="uiautomation\NFocusedElementProvider.h">
      <Filter>UIAutomation</Filter>
    </ClInclude>
    <ClInclude Include="uiautomation\NScrollElem.h">
      <Filter>UIAutomation</Filter>
    </ClInclude>
    <ClInclude Include="uiautomation\NSimpleElem.h">
      <Filter>UIAutomation</Filter>
    </ClInclude>
    <ClInclude Include="uiautomation\NUIAutomation.h">
      <Filter>UIAutomation</Filter>
    </ClInclude>
    <ClInclude Include="uiautomation\UISpy.h">
      <Filter>UIAutomation</Filter>
    </ClInclude>
  </ItemGroup>
  <ItemGroup>
    <ClCompile Include="AssemblyInfo.cpp">
      <Filter>Main Files</Filter>
    </ClCompile>
    <ClCompile Include="pch.cpp">
      <Filter>Main Files</Filter>
    </ClCompile>
    <ClCompile Include="webcam\WebcamGrabber.cpp">
      <Filter>Webcam</Filter>
    </ClCompile>
    <ClCompile Include="uiautomation\NCaretTracker.cpp">
      <Filter>UIAutomation</Filter>
    </ClCompile>
    <ClCompile Include="uiautomation\NEventProvider.cpp">
      <Filter>UIAutomation</Filter>
    </ClCompile>
    <ClCompile Include="uiautomation\NFocusedElementProvider.cpp">
      <Filter>UIAutomation</Filter>
    </ClCompile>
    <ClCompile Include="uiautomation\NUIAutomation.cpp">
      <Filter>UIAutomation</Filter>
    </ClCompile>
    <ClCompile Include="uiautomation\UISpy.cpp">
      <Filter>UIAutomation</Filter>
    </ClCompile>
  </ItemGroup>
  <ItemGroup>
    <ResourceCompile Include="app.rc">
      <Filter>Resource Files</Filter>
    </ResourceCompile>
  </ItemGroup>
  <ItemGroup>
    <Image Include="app.ico">
      <Filter>Resource Files</Filter>
    </Image>
  </ItemGroup>
</Project>